{
  "name": "aa-frontend",
  "version": "1.0.0",
  "lockfileVersion": 1,
  "requires": true,
  "dependencies": {
    "@babel/runtime": {
      "version": "7.12.5",
      "resolved": "https://registry.npmjs.org/@babel/runtime/-/runtime-7.12.5.tgz",
      "integrity": "sha512-plcc+hbExy3McchJCEQG3knOsuh3HH+Prx1P6cLIkET/0dLuQDEnrT+s27Axgc9bqfsmNUNHfscgMUdBpC9xfg==",
      "requires": {
        "regenerator-runtime": "^0.13.4"
      }
    },
    "@emotion/is-prop-valid": {
      "version": "0.8.8",
      "resolved": "https://registry.npmjs.org/@emotion/is-prop-valid/-/is-prop-valid-0.8.8.tgz",
      "integrity": "sha512-u5WtneEAr5IDG2Wv65yhunPSMLIpuKsbuOktRojfrEiEvRyC85LgPMZI63cr7NUqT8ZIGdSVg8ZKGxIug4lXcA==",
      "requires": {
        "@emotion/memoize": "0.7.4"
      }
    },
    "@emotion/memoize": {
      "version": "0.7.4",
      "resolved": "https://registry.npmjs.org/@emotion/memoize/-/memoize-0.7.4.tgz",
      "integrity": "sha512-Ja/Vfqe3HpuzRsG1oBtWTHk2PGZ7GR+2Vz5iYGelAw8dx32K0y7PjVuxK6z1nMpZOqAFsRUPCkK1YjJ56qJlgw=="
    },
    "@styled-icons/bootstrap": {
      "version": "10.19.0",
      "resolved": "https://registry.npmjs.org/@styled-icons/bootstrap/-/bootstrap-10.19.0.tgz",
      "integrity": "sha512-cBBaKDzL3qGBbHWmInFBL0VMeoUQo6O11YzTViG6zasdYR5LnLBl39EL0qS183DMnb5yrASHZEmcxc89Ew8akw==",
      "requires": {
        "@babel/runtime": "^7.10.5",
        "@styled-icons/styled-icon": "^10.6.0"
      }
    },
    "@styled-icons/boxicons-logos": {
      "version": "10.18.0",
      "resolved": "https://registry.npmjs.org/@styled-icons/boxicons-logos/-/boxicons-logos-10.18.0.tgz",
      "integrity": "sha512-3KkN+fOu7kNsfImtP5tVb2yufQgp9H1/eLgvn8Q89wrj6yHiUlwplgk7mYccEYX44Pb8aRjNL9T9OHRy5rHzFw==",
      "requires": {
        "@babel/runtime": "^7.10.5",
        "@styled-icons/styled-icon": "^10.6.0"
      }
    },
    "@styled-icons/boxicons-regular": {
      "version": "10.18.0",
      "resolved": "https://registry.npmjs.org/@styled-icons/boxicons-regular/-/boxicons-regular-10.18.0.tgz",
      "integrity": "sha512-o/i+54HOUXCzmDyRI4fTVlR616QBYBH/rmZtLqZ4MTyRiBAB4WRFGu4X29b78euiJfNNOWXxyKZHyS81BuuFUA==",
      "requires": {
        "@babel/runtime": "^7.10.5",
        "@styled-icons/styled-icon": "^10.6.0"
      }
    },
    "@styled-icons/boxicons-solid": {
      "version": "10.18.0",
      "resolved": "https://registry.npmjs.org/@styled-icons/boxicons-solid/-/boxicons-solid-10.18.0.tgz",
      "integrity": "sha512-qQeEJsYse1XW89vd0AuHgDMiYwR81hEeBPbLNJC5rU6B+fBvJ+hFxd8GNxNe71WrLhpw3n4pjMqVmcNaFlAZ6Q==",
      "requires": {
        "@babel/runtime": "^7.10.5",
        "@styled-icons/styled-icon": "^10.6.0"
      }
    },
    "@styled-icons/crypto": {
      "version": "10.18.0",
      "resolved": "https://registry.npmjs.org/@styled-icons/crypto/-/crypto-10.18.0.tgz",
      "integrity": "sha512-15nxIf16VofU0TVgN5wBUKDl77TgzSX5ba2dbTdof28VC5iokofV95bawtbX4V9+gJDqv6K/mn3+kKjC6k6n5g==",
      "requires": {
        "@babel/runtime": "^7.10.5",
        "@styled-icons/styled-icon": "^10.6.0"
      }
    },
    "@styled-icons/entypo": {
      "version": "10.18.0",
      "resolved": "https://registry.npmjs.org/@styled-icons/entypo/-/entypo-10.18.0.tgz",
      "integrity": "sha512-FZdYzBiqXgas/c76eeCSWfEy6jpzfvucIXMgwsTDQioh7/x9qVmuyz5TVlghx2zWmtoz4hEnLIDD0Yzw1ajXWQ==",
      "requires": {
        "@babel/runtime": "^7.10.5",
        "@styled-icons/styled-icon": "^10.6.0"
      }
    },
    "@styled-icons/entypo-social": {
      "version": "10.18.0",
      "resolved": "https://registry.npmjs.org/@styled-icons/entypo-social/-/entypo-social-10.18.0.tgz",
      "integrity": "sha512-JjDRJrsLi2IhjPBLYPJW+SNOijcOAOHu6ulyEJmtIRCKGzwdFJaXFPVxhULDnsr1vwBlxYdyvpz72liZH1gZpw==",
      "requires": {
        "@babel/runtime": "^7.10.5",
        "@styled-icons/styled-icon": "^10.6.0"
      }
    },
    "@styled-icons/evaicons-outline": {
      "version": "10.18.0",
      "resolved": "https://registry.npmjs.org/@styled-icons/evaicons-outline/-/evaicons-outline-10.18.0.tgz",
      "integrity": "sha512-6D352LtvtzfHlhxgUeair6NPfyJ0y6V+1r710w1qoEVO/mnc9F+ED6MaOCDv8GeDOM3eCPd8y2Fs6EA8zKuv/A==",
      "requires": {
        "@babel/runtime": "^7.10.5",
        "@styled-icons/styled-icon": "^10.6.0"
      }
    },
    "@styled-icons/evaicons-solid": {
      "version": "10.18.0",
      "resolved": "https://registry.npmjs.org/@styled-icons/evaicons-solid/-/evaicons-solid-10.18.0.tgz",
      "integrity": "sha512-vL1zGDTj2Mp/RedOaEkm5Ni9/h5scY5VQbwTQFnMV+QcLzk+WKCvS3Jj8mbqbEWvL4MtCdJYDC0UPD4sZSHV5A==",
      "requires": {
        "@babel/runtime": "^7.10.5",
        "@styled-icons/styled-icon": "^10.6.0"
      }
    },
    "@styled-icons/evil": {
      "version": "10.18.0",
      "resolved": "https://registry.npmjs.org/@styled-icons/evil/-/evil-10.18.0.tgz",
      "integrity": "sha512-WeBvdVbMg4qYp7pu21FDyJgDekeNF46B9nkyQFYymEQG95AndZArFPOUzshflBcGKB6xv2+jVyPtbtcHh2oQOA==",
      "requires": {
        "@babel/runtime": "^7.10.5",
        "@styled-icons/styled-icon": "^10.6.0"
      }
    },
    "@styled-icons/fa-brands": {
      "version": "10.22.0",
      "resolved": "https://registry.npmjs.org/@styled-icons/fa-brands/-/fa-brands-10.22.0.tgz",
      "integrity": "sha512-2nVy0/eSAETvqOdj6POmztAwbMLKnczpTMKJupk5xtRxebFValu9gL4lhA3G4BfrUFgexFEeh/2r9/3vmJjJ5A==",
      "requires": {
        "@babel/runtime": "^7.10.5",
        "@styled-icons/styled-icon": "^10.6.0"
      }
    },
    "@styled-icons/fa-regular": {
      "version": "10.22.0",
      "resolved": "https://registry.npmjs.org/@styled-icons/fa-regular/-/fa-regular-10.22.0.tgz",
      "integrity": "sha512-R8/BpFeRVgid3arIQkywqz5mrRNafUJ1CTAj4flhKBPAXYw+eTwOZipwbYxTxA4/OrPyn7PT0jG/P1KxrqLROw==",
      "requires": {
        "@babel/runtime": "^7.10.5",
        "@styled-icons/styled-icon": "^10.6.0"
      }
    },
    "@styled-icons/fa-solid": {
      "version": "10.22.0",
      "resolved": "https://registry.npmjs.org/@styled-icons/fa-solid/-/fa-solid-10.22.0.tgz",
      "integrity": "sha512-3aaX9Mu6J0W/Oh8jYFGe2bmoc9/sLYYhFHmrSHdRMZ4YdZ5xu6lJO9Aygi0aUjAhXkgJ31+goHL9QIrZ78lWdw==",
      "requires": {
        "@babel/runtime": "^7.10.5",
        "@styled-icons/styled-icon": "^10.6.0"
      }
    },
    "@styled-icons/feather": {
      "version": "10.18.0",
      "resolved": "https://registry.npmjs.org/@styled-icons/feather/-/feather-10.18.0.tgz",
      "integrity": "sha512-W8ESG+KLaiCekydTV6LaP3FW5enwvGMSM2T/wvS8HPmnR6tFb4hn8VQrtXG8Bwdc5RmTJ+2eyN6N3KySMfMC4Q==",
      "requires": {
        "@babel/runtime": "^7.10.5",
        "@styled-icons/styled-icon": "^10.6.0"
      }
    },
    "@styled-icons/foundation": {
      "version": "10.18.0",
      "resolved": "https://registry.npmjs.org/@styled-icons/foundation/-/foundation-10.18.0.tgz",
      "integrity": "sha512-29+Ts+mBHx/lRIEKMKfaiODpia/worBIodawcE/nIJfwV/EPwE4wD5kjlas8n2rO5H5re97DdFrp7FfZDa0puQ==",
      "requires": {
        "@babel/runtime": "^7.10.5",
        "@styled-icons/styled-icon": "^10.6.0"
      }
    },
    "@styled-icons/heroicons-outline": {
      "version": "10.19.0",
      "resolved": "https://registry.npmjs.org/@styled-icons/heroicons-outline/-/heroicons-outline-10.19.0.tgz",
      "integrity": "sha512-iJsSidfi3VqSLGHA3eECSBB8/j+zxV4q2sm21/DiRZZ4UhxBVnySECaHZfSeQ8qafe51+zIR+0oOs4qJAeGCyQ==",
      "requires": {
        "@babel/runtime": "^7.10.5",
        "@styled-icons/styled-icon": "^10.6.0"
      }
    },
    "@styled-icons/heroicons-solid": {
      "version": "10.19.0",
      "resolved": "https://registry.npmjs.org/@styled-icons/heroicons-solid/-/heroicons-solid-10.19.0.tgz",
      "integrity": "sha512-s72o12IOKyEOkRSWFqAX6Y/Od6i0ivdP7yl7nlXG9WZNiuU97FasfwS4YS4nw3kmrkM5P00EqlMuHokv4aq7TA==",
      "requires": {
        "@babel/runtime": "^7.10.5",
        "@styled-icons/styled-icon": "^10.6.0"
      }
    },
    "@styled-icons/icomoon": {
      "version": "10.18.0",
      "resolved": "https://registry.npmjs.org/@styled-icons/icomoon/-/icomoon-10.18.0.tgz",
      "integrity": "sha512-4a+j4+zkhfroUiT/4wjFuMJlhL4mvauyKVXZPZPsaRkkhdgWXkfYBy9j9DwA1ETaK+7aZep9Ng3EqHHeOF5bbg==",
      "requires": {
        "@babel/runtime": "^7.10.5",
        "@styled-icons/styled-icon": "^10.6.0"
      }
    },
    "@styled-icons/ionicons-outline": {
      "version": "10.18.0",
      "resolved": "https://registry.npmjs.org/@styled-icons/ionicons-outline/-/ionicons-outline-10.18.0.tgz",
      "integrity": "sha512-X/LMOVpM0tRlLOqxqBslewvLqtIFxpPxMVlLo3BkmfNXq0719uRdTTJFl0amhvRjfa+ZDgnbd+V/NkOlpy3tXQ==",
      "requires": {
        "@babel/runtime": "^7.10.5",
        "@styled-icons/styled-icon": "^10.6.0"
      }
    },
    "@styled-icons/ionicons-sharp": {
      "version": "10.18.0",
      "resolved": "https://registry.npmjs.org/@styled-icons/ionicons-sharp/-/ionicons-sharp-10.18.0.tgz",
      "integrity": "sha512-lvz08n79pxuLmLnNUHMxy1t+1AhtQ4eVryyCbq+Ywda+TRgST+o+Dun3EF54td7QPq4gvKcJLqM8ScinQWCenQ==",
      "requires": {
        "@babel/runtime": "^7.10.5",
        "@styled-icons/styled-icon": "^10.6.0"
      }
    },
    "@styled-icons/ionicons-solid": {
      "version": "10.18.0",
      "resolved": "https://registry.npmjs.org/@styled-icons/ionicons-solid/-/ionicons-solid-10.18.0.tgz",
      "integrity": "sha512-jtHoZrm7vdWwDUDpfqmS+el92xkOFDbOXzSWV3odakaE1REAJ3tnoi+Sy8TOsM9btf7EHx3mYI9ltf+ZLHcNwA==",
      "requires": {
        "@babel/runtime": "^7.10.5",
        "@styled-icons/styled-icon": "^10.6.0"
      }
    },
    "@styled-icons/material": {
      "version": "10.18.0",
      "resolved": "https://registry.npmjs.org/@styled-icons/material/-/material-10.18.0.tgz",
      "integrity": "sha512-Dij/c82R3mgh1bD+O1CCS3zakEId0crcEb7Nqz6OCgyR24KNjBOMZ5k4JJIxjL/KQJvxJgxUhm0F4pdjMeh9Vg==",
      "requires": {
        "@babel/runtime": "^7.10.5",
        "@styled-icons/styled-icon": "^10.6.0"
      }
    },
    "@styled-icons/material-outlined": {
      "version": "10.18.0",
      "resolved": "https://registry.npmjs.org/@styled-icons/material-outlined/-/material-outlined-10.18.0.tgz",
      "integrity": "sha512-ek+OQLQNBJ41vj1LUSlKfBMCNtmskl8PveOehaDFEWTiqnhYXZPS4t2cxiAnEI7VkgelovVufwNPJmJpnqWZfw==",
      "requires": {
        "@babel/runtime": "^7.10.5",
        "@styled-icons/styled-icon": "^10.6.0"
      }
    },
    "@styled-icons/material-rounded": {
      "version": "10.18.0",
      "resolved": "https://registry.npmjs.org/@styled-icons/material-rounded/-/material-rounded-10.18.0.tgz",
      "integrity": "sha512-mzLXzjuUb/HJxB8aBhIca35/YqoBqUNO8VC/TM7Mh9OrlxEL+gOs87PgBjm7eE7QnDC+sIdRKw6e3lwEJThgSg==",
      "requires": {
        "@babel/runtime": "^7.10.5",
        "@styled-icons/styled-icon": "^10.6.0"
      }
    },
    "@styled-icons/material-sharp": {
      "version": "10.18.0",
      "resolved": "https://registry.npmjs.org/@styled-icons/material-sharp/-/material-sharp-10.18.0.tgz",
      "integrity": "sha512-bN+6UxqLUKUkPNkOH+KCVMar085HpIPLeYf38WthSq74ON7xtlvZ9LJZPlzOycH2xCv0AbRSDvKQCyXKWIq/3g==",
      "requires": {
        "@babel/runtime": "^7.10.5",
        "@styled-icons/styled-icon": "^10.6.0"
      }
    },
    "@styled-icons/material-twotone": {
      "version": "10.18.0",
      "resolved": "https://registry.npmjs.org/@styled-icons/material-twotone/-/material-twotone-10.18.0.tgz",
      "integrity": "sha512-VBoPrFLOImxUbXp4djMwx9ZrkmKGbUe/wbGWkzEch7flxxFTV5ZJ6Ja/8M1tfNO9uLDp0Dj7L8nGoUT4kFJNFw==",
      "requires": {
        "@babel/runtime": "^7.10.5",
        "@styled-icons/styled-icon": "^10.6.0"
      }
    },
    "@styled-icons/octicons": {
      "version": "10.20.0",
      "resolved": "https://registry.npmjs.org/@styled-icons/octicons/-/octicons-10.20.0.tgz",
      "integrity": "sha512-rgy3/+pw2beMMZOhw/Rf5xbfivjJmq9nqKayPddssW/cz4j15PdJharUeMxj+BDLJ3ItQF4ezsrcQwdeHs8eqg==",
      "requires": {
        "@babel/runtime": "^7.10.5",
        "@styled-icons/styled-icon": "^10.6.0"
      }
    },
    "@styled-icons/open-iconic": {
      "version": "10.18.0",
      "resolved": "https://registry.npmjs.org/@styled-icons/open-iconic/-/open-iconic-10.18.0.tgz",
      "integrity": "sha512-H+uiRUDm09SXlOgJheOmhT0KeLs5uBS85H2VF1ypMN1m/vy/NdaGP5QAvWTCzBk088JJGYEkvhb4i4pGcwRsEA==",
      "requires": {
        "@babel/runtime": "^7.10.5",
        "@styled-icons/styled-icon": "^10.6.0"
      }
    },
    "@styled-icons/remix-fill": {
      "version": "10.18.0",
      "resolved": "https://registry.npmjs.org/@styled-icons/remix-fill/-/remix-fill-10.18.0.tgz",
      "integrity": "sha512-FbnQMvxt2R7CYb8j/dVAXd31CDg4k3vX1zG/9GH9qpL536yxndnyopa7hwF/Yisy2pzR7uNlNXmTQAmYK2HSrg==",
      "requires": {
        "@babel/runtime": "^7.10.5",
        "@styled-icons/styled-icon": "^10.6.0"
      }
    },
    "@styled-icons/remix-line": {
      "version": "10.18.0",
      "resolved": "https://registry.npmjs.org/@styled-icons/remix-line/-/remix-line-10.18.0.tgz",
      "integrity": "sha512-UZllhk6hEWFyZt+jdPCO4zbeM0P3Y/Lc1iWWOwUXGP5AzStM2KadjaGpi99FhNfrvrly98cVB8b4M/GVExYn0Q==",
      "requires": {
        "@babel/runtime": "^7.10.5",
        "@styled-icons/styled-icon": "^10.6.0"
      }
    },
    "@styled-icons/simple-icons": {
      "version": "10.22.0",
      "resolved": "https://registry.npmjs.org/@styled-icons/simple-icons/-/simple-icons-10.22.0.tgz",
      "integrity": "sha512-DEsCk9TsW0z4GWdfiuOGkAIU9WzYIfZ7uT7WOoqYeTZe90Fj6FWirIZUWbo2ON0ZMfjmyf6W2hHAJSIiWBRLaA==",
      "requires": {
        "@babel/runtime": "^7.10.5",
        "@styled-icons/styled-icon": "^10.6.0"
      }
    },
    "@styled-icons/styled-icon": {
      "version": "10.6.3",
      "resolved": "https://registry.npmjs.org/@styled-icons/styled-icon/-/styled-icon-10.6.3.tgz",
      "integrity": "sha512-/A95L3peioLoWFiy+/eKRhoQ9r/oRrN/qzbSX4hXU1nGP2rUXcX3LWUhoBNAOp9Rw38ucc/4ralY427UUNtcGQ==",
      "requires": {
        "@babel/runtime": "^7.10.5",
        "@emotion/is-prop-valid": "^0.8.7"
      }
    },
    "@styled-icons/typicons": {
      "version": "10.18.0",
      "resolved": "https://registry.npmjs.org/@styled-icons/typicons/-/typicons-10.18.0.tgz",
      "integrity": "sha512-VN9vEzeAn5//uUvBN2N/OAXnrC6zCERu1eXUiXmYTwd7n8ZoMMASKmVWrAho20YmhUjEPZdSvS1cJ/pzV9K6Zg==",
      "requires": {
        "@babel/runtime": "^7.10.5",
        "@styled-icons/styled-icon": "^10.6.0"
      }
    },
    "@styled-icons/zondicons": {
      "version": "10.18.0",
      "resolved": "https://registry.npmjs.org/@styled-icons/zondicons/-/zondicons-10.18.0.tgz",
      "integrity": "sha512-P+XDzHRjY7zgcOYI22VJPg4GW01760VICwMSF2vJFRd0bux3hKIJI8voABA9v00Ce1TeOZnUbKcgQFBNIThs5w==",
      "requires": {
        "@babel/runtime": "^7.10.5",
        "@styled-icons/styled-icon": "^10.6.0"
      }
    },
    "regenerator-runtime": {
      "version": "0.13.7",
      "resolved": "https://registry.npmjs.org/regenerator-runtime/-/regenerator-runtime-0.13.7.tgz",
      "integrity": "sha512-a54FxoJDIr27pgf7IgeQGxmqUNYrcV338lf/6gH456HZ/PhX+5BcwHXG9ajESmwe6WRO0tAzRUrRmNONWgkrew=="
    },
    "styled-icons": {
      "version": "10.22.0",
      "resolved": "https://registry.npmjs.org/styled-icons/-/styled-icons-10.22.0.tgz",
      "integrity": "sha512-lBVPj1QT70xITygxHJAI54j2z168cayvqB5cOAaRR5HEbQZ5P3nFuXXPfytf/ZBsJzV6DXT5c2L/+ONeHeGRSQ==",
      "requires": {
        "@babel/runtime": "^7.10.5",
        "@styled-icons/bootstrap": "^10.19.0",
        "@styled-icons/boxicons-logos": "^10.18.0",
        "@styled-icons/boxicons-regular": "^10.18.0",
        "@styled-icons/boxicons-solid": "^10.18.0",
        "@styled-icons/crypto": "^10.18.0",
        "@styled-icons/entypo": "^10.18.0",
        "@styled-icons/entypo-social": "^10.18.0",
        "@styled-icons/evaicons-outline": "^10.18.0",
        "@styled-icons/evaicons-solid": "^10.18.0",
        "@styled-icons/evil": "^10.18.0",
        "@styled-icons/fa-brands": "^10.22.0",
        "@styled-icons/fa-regular": "^10.22.0",
        "@styled-icons/fa-solid": "^10.22.0",
        "@styled-icons/feather": "^10.18.0",
        "@styled-icons/foundation": "^10.18.0",
        "@styled-icons/heroicons-outline": "^10.19.0",
        "@styled-icons/heroicons-solid": "^10.19.0",
        "@styled-icons/icomoon": "^10.18.0",
        "@styled-icons/ionicons-outline": "^10.18.0",
        "@styled-icons/ionicons-sharp": "^10.18.0",
        "@styled-icons/ionicons-solid": "^10.18.0",
        "@styled-icons/material": "^10.18.0",
        "@styled-icons/material-outlined": "^10.18.0",
        "@styled-icons/material-rounded": "^10.18.0",
        "@styled-icons/material-sharp": "^10.18.0",
        "@styled-icons/material-twotone": "^10.18.0",
        "@styled-icons/octicons": "^10.20.0",
        "@styled-icons/open-iconic": "^10.18.0",
        "@styled-icons/remix-fill": "^10.18.0",
        "@styled-icons/remix-line": "^10.18.0",
        "@styled-icons/simple-icons": "^10.22.0",
        "@styled-icons/styled-icon": "^10.6.0",
        "@styled-icons/typicons": "^10.18.0",
        "@styled-icons/zondicons": "^10.18.0"
      }
    }
  }
}
